// !$*UTF8*$!
{
	archiveVersion = 1;
	classes = {};
	objectVersion = 56;
	objects = {

/* Begin PBXBuildFile section */
		OBJ_TrimmySwift /* Trimmy.swift in Sources */ = {isa = PBXBuildFile; fileRef = OBJ_TrimmySwiftRef; };
/* End PBXBuildFile section */

/* Begin PBXFileReference section */
		OBJ_TrimmySwiftRef /* Trimmy.swift */ = {isa = PBXFileReference; lastKnownFileType = sourcecode.swift; path = Sources/Trimmy/Trimmy.swift; sourceTree = SOURCE_ROOT; };
		OBJ_InfoPlist /* Info.plist */ = {isa = PBXFileReference; lastKnownFileType = text.plist.xml; path = Info.plist; sourceTree = SOURCE_ROOT; };
		OBJ_Product /* Trimmy.app */ = {isa = PBXFileReference; explicitFileType = wrapper.application; path = Trimmy.app; sourceTree = BUILT_PRODUCTS_DIR; };
/* End PBXFileReference section */

/* Begin PBXGroup section */
		OBJ_MainGroup = {
			isa = PBXGroup;
			children = (
				OBJ_SourcesGroup,
				OBJ_ResourcesGroup,
				OBJ_ProductsGroup,
			);
			sourceTree = "<group>";
		};

		OBJ_SourcesGroup /* Sources */ = {
			isa = PBXGroup;
			children = (
				OBJ_TrimmySwiftRef,
			);
			path = Sources;
			sourceTree = SOURCE_ROOT;
		};

		OBJ_ResourcesGroup /* Resources */ = {
			isa = PBXGroup;
			children = (
				OBJ_InfoPlist,
			);
			path = "";
			sourceTree = SOURCE_ROOT;
		};

		OBJ_ProductsGroup /* Products */ = {
			isa = PBXGroup;
			children = (
				OBJ_Product,
			);
			name = Products;
			sourceTree = BUILT_PRODUCTS_DIR;
		};
/* End PBXGroup section */

/* Begin PBXNativeTarget section */
		OBJ_Target /* Trimmy */ = {
			isa = PBXNativeTarget;
			buildConfigurationList = OBJ_TargetConfigList;
			buildPhases = (
				OBJ_SourcesPhase,
				OBJ_ResourcesPhase,
			);
			buildRules = (
			);
			dependencies = (
			);
			name = Trimmy;
			productName = Trimmy;
			productReference = OBJ_Product;
			productType = "com.apple.product-type.application";
		};
/* End PBXNativeTarget section */

/* Begin PBXProject section */
		OBJ_Project /* Project object */ = {
			isa = PBXProject;
			attributes = {
				LastSwiftUpdateCheck = 1500;
				LastUpgradeCheck = 1500;
				TargetAttributes = {
					OBJ_Target = {
						DevelopmentTeam = "";
					};
				};
			};
			buildConfigurationList = OBJ_ProjectConfigList;
			compatibilityVersion = "Xcode 15.0";
			developmentRegion = en;
			hasScannedForEncodings = 0;
			knownRegions = (
				en,
			);
			mainGroup = OBJ_MainGroup;
			productRefGroup = OBJ_ProductsGroup;
			projectDirPath = "";
			projectRoot = "";
			targets = (
				OBJ_Target,
			);
		};
/* End PBXProject section */

/* Begin PBXResourcesBuildPhase section */
		OBJ_ResourcesPhase /* Resources */ = {
			isa = PBXResourcesBuildPhase;
			buildActionMask = 2147483647;
			files = (
			);
			runOnlyForDeploymentPostprocessing = 0;
		};
/* End PBXResourcesBuildPhase section */

/* Begin PBXSourcesBuildPhase section */
		OBJ_SourcesPhase /* Sources */ = {
			isa = PBXSourcesBuildPhase;
			buildActionMask = 2147483647;
			files = (
				OBJ_TrimmySwift,
			);
			runOnlyForDeploymentPostprocessing = 0;
		};
/* End PBXSourcesBuildPhase section */

/* Begin XCBuildConfiguration section */
		OBJ_ProjectDebug /* Project Debug */ = {
			isa = XCBuildConfiguration;
			buildSettings = {
				CODE_SIGN_STYLE = Automatic;
				CODE_SIGNING_ALLOWED = NO;
				MACOSX_DEPLOYMENT_TARGET = 15.0;
				ONLY_ACTIVE_ARCH = YES;
				PRODUCT_NAME = Trimmy;
				SDKROOT = macosx;
				SWIFT_VERSION = 6.0;
			};
			name = Debug;
		};

		OBJ_ProjectRelease /* Project Release */ = {
			isa = XCBuildConfiguration;
			buildSettings = {
				CODE_SIGN_STYLE = Automatic;
				CODE_SIGNING_ALLOWED = NO;
				MACOSX_DEPLOYMENT_TARGET = 15.0;
				PRODUCT_NAME = Trimmy;
				SDKROOT = macosx;
				SWIFT_VERSION = 6.0;
			};
			name = Release;
		};

		OBJ_TargetDebug /* Target Debug */ = {
			isa = XCBuildConfiguration;
			buildSettings = {
				ASSETCATALOG_COMPILER_APPICON_NAME = "";
				CODE_SIGN_STYLE = Automatic;
				CODE_SIGNING_ALLOWED = NO;
				INFOPLIST_FILE = Info.plist;
				LD_RUNPATH_SEARCH_PATHS = "$(inherited) @executable_path/../Frameworks";
				MACOSX_DEPLOYMENT_TARGET = 15.0;
				PRODUCT_BUNDLE_IDENTIFIER = com.example.trimmy;
				PRODUCT_NAME = "$(TARGET_NAME)";
				SDKROOT = macosx;
				SWIFT_VERSION = 6.0;
				SWIFT_EMIT_LOC_STRINGS = YES;
			};
			name = Debug;
		};

		OBJ_TargetRelease /* Target Release */ = {
			isa = XCBuildConfiguration;
			buildSettings = {
				ASSETCATALOG_COMPILER_APPICON_NAME = "";
				CODE_SIGN_STYLE = Automatic;
				CODE_SIGNING_ALLOWED = NO;
				INFOPLIST_FILE = Info.plist;
				LD_RUNPATH_SEARCH_PATHS = "$(inherited) @executable_path/../Frameworks";
				MACOSX_DEPLOYMENT_TARGET = 15.0;
				PRODUCT_BUNDLE_IDENTIFIER = com.example.trimmy;
				PRODUCT_NAME = "$(TARGET_NAME)";
				SDKROOT = macosx;
				SWIFT_VERSION = 6.0;
				SWIFT_EMIT_LOC_STRINGS = YES;
			};
			name = Release;
		};
/* End XCBuildConfiguration section */

/* Begin XCConfigurationList section */
		OBJ_ProjectConfigList /* Build configuration list for PBXProject "Trimmy" */ = {
			isa = XCConfigurationList;
			buildConfigurations = (
				OBJ_ProjectDebug,
				OBJ_ProjectRelease,
			);
			defaultConfigurationIsVisible = 0;
			defaultConfigurationName = Release;
		};

		OBJ_TargetConfigList /* Build configuration list for PBXNativeTarget "Trimmy" */ = {
			isa = XCConfigurationList;
			buildConfigurations = (
				OBJ_TargetDebug,
				OBJ_TargetRelease,
			);
			defaultConfigurationIsVisible = 0;
			defaultConfigurationName = Release;
		};
/* End XCConfigurationList section */

	};
	rootObject = OBJ_Project;
}
